<?xml version="1.0" encoding="UTF-8"?>
<!DOCTYPE plist PUBLIC "-//Apple//DTD PLIST 1.0//EN" "http://www.apple.com/DTDs/PropertyList-1.0.dtd">
<plist version="1.0">
<dict>
	<key>archiveVersion</key>
	<string>1</string>
	<key>classes</key>
	<dict/>
	<key>objectVersion</key>
	<string>46</string>
	<key>objects</key>
	<dict>
		<key>144BC0E1134696D040885503</key>
		<dict>
			<key>explicitFileType</key>
			<string>archive.ar</string>
			<key>includeInIndex</key>
			<string>0</string>
			<key>isa</key>
			<string>PBXFileReference</string>
			<key>path</key>
			<string>libPods-musixise.a</string>
			<key>sourceTree</key>
			<string>BUILT_PRODUCTS_DIR</string>
		</dict>
		<key>2691E05A3D18C3086D6DA096</key>
		<dict>
			<key>includeInIndex</key>
			<string>1</string>
			<key>isa</key>
			<string>PBXFileReference</string>
			<key>lastKnownFileType</key>
			<string>text.xcconfig</string>
			<key>name</key>
			<string>Pods-musixise.release.xcconfig</string>
			<key>path</key>
			<string>Pods/Target Support Files/Pods-musixise/Pods-musixise.release.xcconfig</string>
			<key>sourceTree</key>
			<string>&lt;group&gt;</string>
		</dict>
		<key>76108595ECDD22FFBFBB293F</key>
		<dict>
			<key>fileRef</key>
			<string>144BC0E1134696D040885503</string>
			<key>isa</key>
			<string>PBXBuildFile</string>
		</dict>
		<key>93311A2A71FA96EADC35E40C</key>
		<dict>
			<key>includeInIndex</key>
			<string>1</string>
			<key>isa</key>
			<string>PBXFileReference</string>
			<key>lastKnownFileType</key>
			<string>text.xcconfig</string>
			<key>name</key>
			<string>Pods-musixise.debug.xcconfig</string>
			<key>path</key>
			<string>Pods/Target Support Files/Pods-musixise/Pods-musixise.debug.xcconfig</string>
			<key>sourceTree</key>
			<string>&lt;group&gt;</string>
		</dict>
		<key>980EE27016A552139749DDC0</key>
		<dict>
			<key>children</key>
			<array>
				<string>93311A2A71FA96EADC35E40C</string>
				<string>2691E05A3D18C3086D6DA096</string>
			</array>
			<key>isa</key>
			<string>PBXGroup</string>
			<key>name</key>
			<string>Pods</string>
			<key>sourceTree</key>
			<string>&lt;group&gt;</string>
		</dict>
		<key>A569F2681426079955EDE2A9</key>
		<dict>
			<key>children</key>
			<array>
				<string>F7B6A1321DC883B8006227C7</string>
				<string>F7B6A1301DC88393006227C7</string>
				<string>F7B6A12D1DC8832F006227C7</string>
				<string>F7B6A12B1DC8831B006227C7</string>
				<string>F7B6A1291DC882FD006227C7</string>
				<string>F7B6A1271DC882D9006227C7</string>
				<string>F7F35DA81D9BF8BA006767C5</string>
				<string>F7762B581D9B7407001F64EE</string>
				<string>144BC0E1134696D040885503</string>
			</array>
			<key>isa</key>
			<string>PBXGroup</string>
			<key>name</key>
			<string>Frameworks</string>
			<key>sourceTree</key>
			<string>&lt;group&gt;</string>
		</dict>
		<key>CA4B003F9BA6416521B4F76C</key>
		<dict>
			<key>buildActionMask</key>
			<string>2147483647</string>
			<key>files</key>
			<array/>
			<key>inputPaths</key>
			<array/>
			<key>isa</key>
			<string>PBXShellScriptBuildPhase</string>
			<key>name</key>
			<string>Embed Pods Frameworks</string>
			<key>outputPaths</key>
			<array/>
			<key>runOnlyForDeploymentPostprocessing</key>
			<string>0</string>
			<key>shellPath</key>
			<string>/bin/sh</string>
			<key>shellScript</key>
			<string>"${SRCROOT}/Pods/Target Support Files/Pods-musixise/Pods-musixise-frameworks.sh"
</string>
			<key>showEnvVarsInLog</key>
			<string>0</string>
		</dict>
		<key>D24FB060D4ED22B067B7A7E4</key>
		<dict>
			<key>buildActionMask</key>
			<string>2147483647</string>
			<key>files</key>
			<array/>
			<key>inputPaths</key>
			<array/>
			<key>isa</key>
			<string>PBXShellScriptBuildPhase</string>
			<key>name</key>
			<string>&#128230; Check Pods Manifest.lock</string>
			<key>outputPaths</key>
			<array/>
			<key>runOnlyForDeploymentPostprocessing</key>
			<string>0</string>
			<key>shellPath</key>
			<string>/bin/sh</string>
			<key>shellScript</key>
			<string>diff "${PODS_ROOT}/../Podfile.lock" "${PODS_ROOT}/Manifest.lock" &gt; /dev/null
if [[ $? != 0 ]] ; then
    cat &lt;&lt; EOM
error: The sandbox is not in sync with the Podfile.lock. Run 'pod install' or update your CocoaPods installation.
EOM
    exit 1
fi
</string>
			<key>showEnvVarsInLog</key>
			<string>0</string>
		</dict>
		<key>DF69C29EE6F4367422161836</key>
		<dict>
			<key>buildActionMask</key>
			<string>2147483647</string>
			<key>files</key>
			<array/>
			<key>inputPaths</key>
			<array/>
			<key>isa</key>
			<string>PBXShellScriptBuildPhase</string>
			<key>name</key>
			<string>&#128230; Embed Pods Frameworks</string>
			<key>outputPaths</key>
			<array/>
			<key>runOnlyForDeploymentPostprocessing</key>
			<string>0</string>
			<key>shellPath</key>
			<string>/bin/sh</string>
			<key>shellScript</key>
			<string>"${SRCROOT}/Pods/Target Support Files/Pods-musixise/Pods-musixise-frameworks.sh"
</string>
			<key>showEnvVarsInLog</key>
			<string>0</string>
		</dict>
		<key>F703C9EB1E7817580068D727</key>
		<dict>
			<key>fileEncoding</key>
			<string>4</string>
			<key>isa</key>
			<string>PBXFileReference</string>
			<key>lastKnownFileType</key>
			<string>sourcecode.c.h</string>
			<key>path</key>
			<string>MYWebViewController.h</string>
			<key>sourceTree</key>
			<string>&lt;group&gt;</string>
		</dict>
		<key>F703C9EC1E7817580068D727</key>
		<dict>
			<key>fileEncoding</key>
			<string>4</string>
			<key>isa</key>
			<string>PBXFileReference</string>
			<key>lastKnownFileType</key>
			<string>sourcecode.c.objc</string>
			<key>path</key>
			<string>MYWebViewController.m</string>
			<key>sourceTree</key>
			<string>&lt;group&gt;</string>
		</dict>
		<key>F703C9ED1E7817580068D727</key>
		<dict>
			<key>fileRef</key>
			<string>F703C9EC1E7817580068D727</string>
			<key>isa</key>
			<string>PBXBuildFile</string>
		</dict>
		<key>F717EE071E25FEB200E92863</key>
		<dict>
			<key>children</key>
			<array/>
			<key>isa</key>
			<string>PBXGroup</string>
			<key>path</key>
			<string>Faviroute</string>
			<key>sourceTree</key>
			<string>&lt;group&gt;</string>
		</dict>
		<key>F717EE081E25FEB800E92863</key>
		<dict>
			<key>children</key>
			<array/>
			<key>isa</key>
			<string>PBXGroup</string>
			<key>path</key>
			<string>Faviroute</string>
			<key>sourceTree</key>
			<string>&lt;group&gt;</string>
		</dict>
		<key>F71A949D1E77BE38007A7183</key>
		<dict>
			<key>fileEncoding</key>
			<string>4</string>
			<key>isa</key>
			<string>PBXFileReference</string>
			<key>lastKnownFileType</key>
			<string>text</string>
			<key>path</key>
			<string>musixise_Demo0.txt</string>
			<key>sourceTree</key>
			<string>&lt;group&gt;</string>
		</dict>
		<key>F71A949E1E77BE38007A7183</key>
		<dict>
			<key>fileEncoding</key>
			<string>4</string>
			<key>isa</key>
			<string>PBXFileReference</string>
			<key>lastKnownFileType</key>
			<string>text</string>
			<key>path</key>
			<string>musixise_demo1.txt</string>
			<key>sourceTree</key>
			<string>&lt;group&gt;</string>
		</dict>
		<key>F71A949F1E77BE38007A7183</key>
		<dict>
			<key>fileRef</key>
			<string>F71A949D1E77BE38007A7183</string>
			<key>isa</key>
			<string>PBXBuildFile</string>
		</dict>
		<key>F71A94A01E77BE38007A7183</key>
		<dict>
			<key>fileRef</key>
			<string>F71A949E1E77BE38007A7183</string>
			<key>isa</key>
			<string>PBXBuildFile</string>
		</dict>
		<key>F71A94A81E77CFB0007A7183</key>
		<dict>
			<key>fileEncoding</key>
			<string>4</string>
			<key>isa</key>
			<string>PBXFileReference</string>
			<key>lastKnownFileType</key>
			<string>sourcecode.c.h</string>
			<key>path</key>
			<string>MYUploadUtils.h</string>
			<key>sourceTree</key>
			<string>&lt;group&gt;</string>
		</dict>
		<key>F71A94A91E77CFB0007A7183</key>
		<dict>
			<key>fileEncoding</key>
			<string>4</string>
			<key>isa</key>
			<string>PBXFileReference</string>
			<key>lastKnownFileType</key>
			<string>sourcecode.c.objc</string>
			<key>path</key>
			<string>MYUploadUtils.m</string>
			<key>sourceTree</key>
			<string>&lt;group&gt;</string>
		</dict>
		<key>F71A94AA1E77CFB0007A7183</key>
		<dict>
			<key>fileRef</key>
			<string>F71A94A91E77CFB0007A7183</string>
			<key>isa</key>
			<string>PBXBuildFile</string>
		</dict>
		<key>F71A94AB1E77DCD8007A7183</key>
		<dict>
			<key>fileEncoding</key>
			<string>4</string>
			<key>isa</key>
			<string>PBXFileReference</string>
			<key>lastKnownFileType</key>
			<string>text</string>
			<key>path</key>
			<string>musixise_demo2.txt</string>
			<key>sourceTree</key>
			<string>&lt;group&gt;</string>
		</dict>
		<key>F71A94AC1E77DCD8007A7183</key>
		<dict>
			<key>fileRef</key>
			<string>F71A94AB1E77DCD8007A7183</string>
			<key>isa</key>
			<string>PBXBuildFile</string>
		</dict>
		<key>F71A94AD1E77E37C007A7183</key>
		<dict>
			<key>fileEncoding</key>
			<string>4</string>
			<key>isa</key>
			<string>PBXFileReference</string>
			<key>lastKnownFileType</key>
			<string>text</string>
			<key>path</key>
			<string>musixise_demo3.txt</string>
			<key>sourceTree</key>
			<string>&lt;group&gt;</string>
		</dict>
		<key>F71A94AE1E77E37C007A7183</key>
		<dict>
			<key>fileRef</key>
			<string>F71A94AD1E77E37C007A7183</string>
			<key>isa</key>
			<string>PBXBuildFile</string>
		</dict>
		<key>F7225FC41DEBF76800E2081E</key>
		<dict>
			<key>fileEncoding</key>
			<string>4</string>
			<key>isa</key>
			<string>PBXFileReference</string>
			<key>lastKnownFileType</key>
			<string>sourcecode.c.h</string>
			<key>path</key>
			<string>MYRootTabBarViewController.h</string>
			<key>sourceTree</key>
			<string>&lt;group&gt;</string>
		</dict>
		<key>F7225FC51DEBF76800E2081E</key>
		<dict>
			<key>fileEncoding</key>
			<string>4</string>
			<key>isa</key>
			<string>PBXFileReference</string>
			<key>lastKnownFileType</key>
			<string>sourcecode.c.objc</string>
			<key>path</key>
			<string>MYRootTabBarViewController.m</string>
			<key>sourceTree</key>
			<string>&lt;group&gt;</string>
		</dict>
		<key>F7225FC61DEBF76800E2081E</key>
		<dict>
			<key>fileRef</key>
			<string>F7225FC51DEBF76800E2081E</string>
			<key>isa</key>
			<string>PBXBuildFile</string>
		</dict>
		<key>F724017E1E0FD836006D816B</key>
		<dict>
			<key>fileEncoding</key>
			<string>4</string>
			<key>isa</key>
			<string>PBXFileReference</string>
			<key>lastKnownFileType</key>
			<string>sourcecode.c.h</string>
			<key>path</key>
			<string>MYWorkDelegate.h</string>
			<key>sourceTree</key>
			<string>&lt;group&gt;</string>
		</dict>
		<key>F724017F1E0FD836006D816B</key>
		<dict>
			<key>fileEncoding</key>
			<string>4</string>
			<key>isa</key>
			<string>PBXFileReference</string>
			<key>lastKnownFileType</key>
			<string>sourcecode.c.objc</string>
			<key>path</key>
			<string>MYWorkDelegate.m</string>
			<key>sourceTree</key>
			<string>&lt;group&gt;</string>
		</dict>
		<key>F72401801E0FD836006D816B</key>
		<dict>
			<key>fileRef</key>
			<string>F724017F1E0FD836006D816B</string>
			<key>isa</key>
			<string>PBXBuildFile</string>
		</dict>
		<key>F72401811E0FDB65006D816B</key>
		<dict>
			<key>children</key>
			<array>
				<string>F7E4F5C61E973D8000EA4D90</string>
				<string>F717EE071E25FEB200E92863</string>
				<string>F72401821E0FDB65006D816B</string>
			</array>
			<key>isa</key>
			<string>PBXGroup</string>
			<key>path</key>
			<string>ListModels</string>
			<key>sourceTree</key>
			<string>&lt;group&gt;</string>
		</dict>
		<key>F72401821E0FDB65006D816B</key>
		<dict>
			<key>children</key>
			<array>
				<string>F72401851E0FDD18006D816B</string>
				<string>F72401861E0FDD18006D816B</string>
			</array>
			<key>isa</key>
			<string>PBXGroup</string>
			<key>path</key>
			<string>Mine</string>
			<key>sourceTree</key>
			<string>&lt;group&gt;</string>
		</dict>
		<key>F72401831E0FDB65006D816B</key>
		<dict>
			<key>children</key>
			<array>
				<string>F7E4F5CA1E973DCD00EA4D90</string>
				<string>F717EE081E25FEB800E92863</string>
				<string>F72401841E0FDB65006D816B</string>
			</array>
			<key>isa</key>
			<string>PBXGroup</string>
			<key>path</key>
			<string>ViewModels</string>
			<key>sourceTree</key>
			<string>&lt;group&gt;</string>
		</dict>
		<key>F72401841E0FDB65006D816B</key>
		<dict>
			<key>children</key>
			<array>
				<string>F724018C1E0FE2E1006D816B</string>
				<string>F724018D1E0FE2E1006D816B</string>
			</array>
			<key>isa</key>
			<string>PBXGroup</string>
			<key>path</key>
			<string>Mine</string>
			<key>sourceTree</key>
			<string>&lt;group&gt;</string>
		</dict>
		<key>F72401851E0FDD18006D816B</key>
		<dict>
			<key>fileEncoding</key>
			<string>4</string>
			<key>isa</key>
			<string>PBXFileReference</string>
			<key>lastKnownFileType</key>
			<string>sourcecode.c.h</string>
			<key>path</key>
			<string>MYWorkListModel.h</string>
			<key>sourceTree</key>
			<string>&lt;group&gt;</string>
		</dict>
		<key>F72401861E0FDD18006D816B</key>
		<dict>
			<key>fileEncoding</key>
			<string>4</string>
			<key>isa</key>
			<string>PBXFileReference</string>
			<key>lastKnownFileType</key>
			<string>sourcecode.c.objc</string>
			<key>path</key>
			<string>MYWorkListModel.m</string>
			<key>sourceTree</key>
			<string>&lt;group&gt;</string>
		</dict>
		<key>F72401871E0FDD18006D816B</key>
		<dict>
			<key>fileRef</key>
			<string>F72401861E0FDD18006D816B</string>
			<key>isa</key>
			<string>PBXBuildFile</string>
		</dict>
		<key>F72401881E0FE248006D816B</key>
		<dict>
			<key>children</key>
			<array>
				<string>F72401891E0FE277006D816B</string>
				<string>F724018A1E0FE277006D816B</string>
			</array>
			<key>isa</key>
			<string>PBXGroup</string>
			<key>path</key>
			<string>Work</string>
			<key>sourceTree</key>
			<string>&lt;group&gt;</string>
		</dict>
		<key>F72401891E0FE277006D816B</key>
		<dict>
			<key>fileEncoding</key>
			<string>4</string>
			<key>isa</key>
			<string>PBXFileReference</string>
			<key>lastKnownFileType</key>
			<string>sourcecode.c.h</string>
			<key>path</key>
			<string>MYWorkItemView.h</string>
			<key>sourceTree</key>
			<string>&lt;group&gt;</string>
		</dict>
		<key>F724018A1E0FE277006D816B</key>
		<dict>
			<key>fileEncoding</key>
			<string>4</string>
			<key>isa</key>
			<string>PBXFileReference</string>
			<key>lastKnownFileType</key>
			<string>sourcecode.c.objc</string>
			<key>path</key>
			<string>MYWorkItemView.m</string>
			<key>sourceTree</key>
			<string>&lt;group&gt;</string>
		</dict>
		<key>F724018B1E0FE277006D816B</key>
		<dict>
			<key>fileRef</key>
			<string>F724018A1E0FE277006D816B</string>
			<key>isa</key>
			<string>PBXBuildFile</string>
		</dict>
		<key>F724018C1E0FE2E1006D816B</key>
		<dict>
			<key>fileEncoding</key>
			<string>4</string>
			<key>isa</key>
			<string>PBXFileReference</string>
			<key>lastKnownFileType</key>
			<string>sourcecode.c.h</string>
			<key>path</key>
			<string>MYWorkViewModel.h</string>
			<key>sourceTree</key>
			<string>&lt;group&gt;</string>
		</dict>
		<key>F724018D1E0FE2E1006D816B</key>
		<dict>
			<key>fileEncoding</key>
			<string>4</string>
			<key>isa</key>
			<string>PBXFileReference</string>
			<key>lastKnownFileType</key>
			<string>sourcecode.c.objc</string>
			<key>path</key>
			<string>MYWorkViewModel.m</string>
			<key>sourceTree</key>
			<string>&lt;group&gt;</string>
		</dict>
		<key>F724018E1E0FE2E1006D816B</key>
		<dict>
			<key>fileRef</key>
			<string>F724018D1E0FE2E1006D816B</string>
			<key>isa</key>
			<string>PBXBuildFile</string>
		</dict>
		<key>F724018F1E0FEDAA006D816B</key>
		<dict>
			<key>children</key>
			<array>
				<string>F72401901E0FEDC2006D816B</string>
				<string>F72401911E0FEDC2006D816B</string>
			</array>
			<key>isa</key>
			<string>PBXGroup</string>
			<key>path</key>
			<string>Mine</string>
			<key>sourceTree</key>
			<string>&lt;group&gt;</string>
		</dict>
		<key>F72401901E0FEDC2006D816B</key>
		<dict>
			<key>fileEncoding</key>
			<string>4</string>
			<key>isa</key>
			<string>PBXFileReference</string>
			<key>lastKnownFileType</key>
			<string>sourcecode.c.h</string>
			<key>path</key>
			<string>MYWorkModel.h</string>
			<key>sourceTree</key>
			<string>&lt;group&gt;</string>
		</dict>
		<key>F72401911E0FEDC2006D816B</key>
		<dict>
			<key>fileEncoding</key>
			<string>4</string>
			<key>isa</key>
			<string>PBXFileReference</string>
			<key>lastKnownFileType</key>
			<string>sourcecode.c.objc</string>
			<key>path</key>
			<string>MYWorkModel.m</string>
			<key>sourceTree</key>
			<string>&lt;group&gt;</string>
		</dict>
		<key>F72401921E0FEDC2006D816B</key>
		<dict>
			<key>fileRef</key>
			<string>F72401911E0FEDC2006D816B</string>
			<key>isa</key>
			<string>PBXBuildFile</string>
		</dict>
		<key>F74308A21E0AA90600F33C79</key>
		<dict>
			<key>children</key>
			<array>
				<string>F74308A31E0AABFB00F33C79</string>
				<string>F74308A41E0AABFB00F33C79</string>
				<string>F74308A61E0AB20B00F33C79</string>
				<string>F74308A71E0AB20B00F33C79</string>
				<string>F7DC60521E0E51E900BA7304</string>
				<string>F7DC60531E0E51E900BA7304</string>
			</array>
			<key>isa</key>
			<string>PBXGroup</string>
			<key>path</key>
			<string>Mine</string>
			<key>sourceTree</key>
			<string>&lt;group&gt;</string>
		</dict>
		<key>F74308A31E0AABFB00F33C79</key>
		<dict>
			<key>fileEncoding</key>
			<string>4</string>
			<key>isa</key>
			<string>PBXFileReference</string>
			<key>lastKnownFileType</key>
			<string>sourcecode.c.h</string>
			<key>path</key>
			<string>MYMineUserItemView.h</string>
			<key>sourceTree</key>
			<string>&lt;group&gt;</string>
		</dict>
		<key>F74308A41E0AABFB00F33C79</key>
		<dict>
			<key>fileEncoding</key>
			<string>4</string>
			<key>isa</key>
			<string>PBXFileReference</string>
			<key>lastKnownFileType</key>
			<string>sourcecode.c.objc</string>
			<key>path</key>
			<string>MYMineUserItemView.m</string>
			<key>sourceTree</key>
			<string>&lt;group&gt;</string>
		</dict>
		<key>F74308A51E0AABFB00F33C79</key>
		<dict>
			<key>fileRef</key>
			<string>F74308A41E0AABFB00F33C79</string>
			<key>isa</key>
			<string>PBXBuildFile</string>
		</dict>
		<key>F74308A61E0AB20B00F33C79</key>
		<dict>
			<key>fileEncoding</key>
			<string>4</string>
			<key>isa</key>
			<string>PBXFileReference</string>
			<key>lastKnownFileType</key>
			<string>sourcecode.c.h</string>
			<key>path</key>
			<string>MYMineUserInfoView.h</string>
			<key>sourceTree</key>
			<string>&lt;group&gt;</string>
		</dict>
		<key>F74308A71E0AB20B00F33C79</key>
		<dict>
			<key>fileEncoding</key>
			<string>4</string>
			<key>isa</key>
			<string>PBXFileReference</string>
			<key>lastKnownFileType</key>
			<string>sourcecode.c.objc</string>
			<key>path</key>
			<string>MYMineUserInfoView.m</string>
			<key>sourceTree</key>
			<string>&lt;group&gt;</string>
		</dict>
		<key>F74308A81E0AB20B00F33C79</key>
		<dict>
			<key>fileRef</key>
			<string>F74308A71E0AB20B00F33C79</string>
			<key>isa</key>
			<string>PBXBuildFile</string>
		</dict>
		<key>F744603E1E83EC930047D17B</key>
		<dict>
			<key>children</key>
			<array>
				<string>F744603F1E83ECA10047D17B</string>
				<string>F74460401E83ECA10047D17B</string>
			</array>
			<key>isa</key>
			<string>PBXGroup</string>
			<key>path</key>
			<string>Play</string>
			<key>sourceTree</key>
			<string>&lt;group&gt;</string>
		</dict>
		<key>F744603F1E83ECA10047D17B</key>
		<dict>
			<key>fileEncoding</key>
			<string>4</string>
			<key>isa</key>
			<string>PBXFileReference</string>
			<key>lastKnownFileType</key>
			<string>sourcecode.c.h</string>
			<key>path</key>
			<string>MYPlayListManager.h</string>
			<key>sourceTree</key>
			<string>&lt;group&gt;</string>
		</dict>
		<key>F74460401E83ECA10047D17B</key>
		<dict>
			<key>fileEncoding</key>
			<string>4</string>
			<key>isa</key>
			<string>PBXFileReference</string>
			<key>lastKnownFileType</key>
			<string>sourcecode.c.objc</string>
			<key>path</key>
			<string>MYPlayListManager.m</string>
			<key>sourceTree</key>
			<string>&lt;group&gt;</string>
		</dict>
		<key>F74460411E83ECA10047D17B</key>
		<dict>
			<key>fileRef</key>
			<string>F74460401E83ECA10047D17B</string>
			<key>isa</key>
			<string>PBXBuildFile</string>
		</dict>
		<key>F76364BD1DF3F63600DBA050</key>
		<dict>
			<key>children</key>
			<array>
				<string>F76364BE1DF3F63600DBA050</string>
				<string>F76364BF1DF3F63600DBA050</string>
				<string>F76364C11DF3F72A00DBA050</string>
				<string>F76364C21DF3F72A00DBA050</string>
				<string>F76364C41DF3F7A200DBA050</string>
				<string>F76364C51DF3F7A200DBA050</string>
			</array>
			<key>isa</key>
			<string>PBXGroup</string>
			<key>path</key>
			<string>Fav</string>
			<key>sourceTree</key>
			<string>&lt;group&gt;</string>
		</dict>
		<key>F76364BE1DF3F63600DBA050</key>
		<dict>
			<key>fileEncoding</key>
			<string>4</string>
			<key>isa</key>
			<string>PBXFileReference</string>
			<key>lastKnownFileType</key>
			<string>sourcecode.c.h</string>
			<key>path</key>
			<string>MYFavViewController.h</string>
			<key>sourceTree</key>
			<string>&lt;group&gt;</string>
		</dict>
		<key>F76364BF1DF3F63600DBA050</key>
		<dict>
			<key>fileEncoding</key>
			<string>4</string>
			<key>isa</key>
			<string>PBXFileReference</string>
			<key>lastKnownFileType</key>
			<string>sourcecode.c.objc</string>
			<key>path</key>
			<string>MYFavViewController.m</string>
			<key>sourceTree</key>
			<string>&lt;group&gt;</string>
		</dict>
		<key>F76364C01DF3F63600DBA050</key>
		<dict>
			<key>fileRef</key>
			<string>F76364BF1DF3F63600DBA050</string>
			<key>isa</key>
			<string>PBXBuildFile</string>
		</dict>
		<key>F76364C11DF3F72A00DBA050</key>
		<dict>
			<key>fileEncoding</key>
			<string>4</string>
			<key>isa</key>
			<string>PBXFileReference</string>
			<key>lastKnownFileType</key>
			<string>sourcecode.c.h</string>
			<key>path</key>
			<string>MYFavArtistViewController.h</string>
			<key>sourceTree</key>
			<string>&lt;group&gt;</string>
		</dict>
		<key>F76364C21DF3F72A00DBA050</key>
		<dict>
			<key>fileEncoding</key>
			<string>4</string>
			<key>isa</key>
			<string>PBXFileReference</string>
			<key>lastKnownFileType</key>
			<string>sourcecode.c.objc</string>
			<key>path</key>
			<string>MYFavArtistViewController.m</string>
			<key>sourceTree</key>
			<string>&lt;group&gt;</string>
		</dict>
		<key>F76364C31DF3F72A00DBA050</key>
		<dict>
			<key>fileRef</key>
			<string>F76364C21DF3F72A00DBA050</string>
			<key>isa</key>
			<string>PBXBuildFile</string>
		</dict>
		<key>F76364C41DF3F7A200DBA050</key>
		<dict>
			<key>fileEncoding</key>
			<string>4</string>
			<key>isa</key>
			<string>PBXFileReference</string>
			<key>lastKnownFileType</key>
			<string>sourcecode.c.h</string>
			<key>path</key>
			<string>MYFavWorksOfArtViewController.h</string>
			<key>sourceTree</key>
			<string>&lt;group&gt;</string>
		</dict>
		<key>F76364C51DF3F7A200DBA050</key>
		<dict>
			<key>fileEncoding</key>
			<string>4</string>
			<key>isa</key>
			<string>PBXFileReference</string>
			<key>lastKnownFileType</key>
			<string>sourcecode.c.objc</string>
			<key>path</key>
			<string>MYFavWorksOfArtViewController.m</string>
			<key>sourceTree</key>
			<string>&lt;group&gt;</string>
		</dict>
		<key>F76364C61DF3F7A200DBA050</key>
		<dict>
			<key>fileRef</key>
			<string>F76364C51DF3F7A200DBA050</string>
			<key>isa</key>
			<string>PBXBuildFile</string>
		</dict>
		<key>F76364C71DF4049800DBA050</key>
		<dict>
			<key>fileEncoding</key>
			<string>4</string>
			<key>isa</key>
			<string>PBXFileReference</string>
			<key>lastKnownFileType</key>
			<string>sourcecode.c.h</string>
			<key>path</key>
			<string>MYLoginNavigationViewController.h</string>
			<key>sourceTree</key>
			<string>&lt;group&gt;</string>
		</dict>
		<key>F76364C81DF4049800DBA050</key>
		<dict>
			<key>fileEncoding</key>
			<string>4</string>
			<key>isa</key>
			<string>PBXFileReference</string>
			<key>lastKnownFileType</key>
			<string>sourcecode.c.objc</string>
			<key>path</key>
			<string>MYLoginNavigationViewController.m</string>
			<key>sourceTree</key>
			<string>&lt;group&gt;</string>
		</dict>
		<key>F76364C91DF4049800DBA050</key>
		<dict>
			<key>fileRef</key>
			<string>F76364C81DF4049800DBA050</string>
			<key>isa</key>
			<string>PBXBuildFile</string>
		</dict>
		<key>F76364CA1DF4067600DBA050</key>
		<dict>
			<key>children</key>
			<array>
				<string>F76364CB1DF407F700DBA050</string>
				<string>F76364CC1DF407F700DBA050</string>
			</array>
			<key>isa</key>
			<string>PBXGroup</string>
			<key>path</key>
			<string>Regist</string>
			<key>sourceTree</key>
			<string>&lt;group&gt;</string>
		</dict>
		<key>F76364CB1DF407F700DBA050</key>
		<dict>
			<key>fileEncoding</key>
			<string>4</string>
			<key>isa</key>
			<string>PBXFileReference</string>
			<key>lastKnownFileType</key>
			<string>sourcecode.c.h</string>
			<key>path</key>
			<string>MYRegisterViewController.h</string>
			<key>sourceTree</key>
			<string>&lt;group&gt;</string>
		</dict>
		<key>F76364CC1DF407F700DBA050</key>
		<dict>
			<key>fileEncoding</key>
			<string>4</string>
			<key>isa</key>
			<string>PBXFileReference</string>
			<key>lastKnownFileType</key>
			<string>sourcecode.c.objc</string>
			<key>path</key>
			<string>MYRegisterViewController.m</string>
			<key>sourceTree</key>
			<string>&lt;group&gt;</string>
		</dict>
		<key>F76364CD1DF407F700DBA050</key>
		<dict>
			<key>fileRef</key>
			<string>F76364CC1DF407F700DBA050</string>
			<key>isa</key>
			<string>PBXBuildFile</string>
		</dict>
		<key>F76E24CA1E13BE6400A2E79B</key>
		<dict>
			<key>children</key>
			<array>
				<string>F76E24CB1E13BE7A00A2E79B</string>
				<string>F76E24CC1E13BE7A00A2E79B</string>
			</array>
			<key>isa</key>
			<string>PBXGroup</string>
			<key>path</key>
			<string>Music</string>
			<key>sourceTree</key>
			<string>&lt;group&gt;</string>
		</dict>
		<key>F76E24CB1E13BE7A00A2E79B</key>
		<dict>
			<key>fileEncoding</key>
			<string>4</string>
			<key>isa</key>
			<string>PBXFileReference</string>
			<key>lastKnownFileType</key>
			<string>sourcecode.c.h</string>
			<key>path</key>
			<string>MYMusicViewController.h</string>
			<key>sourceTree</key>
			<string>&lt;group&gt;</string>
		</dict>
		<key>F76E24CC1E13BE7A00A2E79B</key>
		<dict>
			<key>fileEncoding</key>
			<string>4</string>
			<key>isa</key>
			<string>PBXFileReference</string>
			<key>lastKnownFileType</key>
			<string>sourcecode.c.objc</string>
			<key>path</key>
			<string>MYMusicViewController.m</string>
			<key>sourceTree</key>
			<string>&lt;group&gt;</string>
		</dict>
		<key>F76E24CD1E13BE7A00A2E79B</key>
		<dict>
			<key>fileRef</key>
			<string>F76E24CC1E13BE7A00A2E79B</string>
			<key>isa</key>
			<string>PBXBuildFile</string>
		</dict>
		<key>F7762B581D9B7407001F64EE</key>
		<dict>
			<key>isa</key>
			<string>PBXFileReference</string>
			<key>lastKnownFileType</key>
			<string>wrapper.framework</string>
			<key>name</key>
			<string>AudioToolbox.framework</string>
			<key>path</key>
			<string>System/Library/Frameworks/AudioToolbox.framework</string>
			<key>sourceTree</key>
			<string>SDKROOT</string>
		</dict>
		<key>F7762B591D9B7407001F64EE</key>
		<dict>
			<key>fileRef</key>
			<string>F7762B581D9B7407001F64EE</string>
			<key>isa</key>
			<string>PBXBuildFile</string>
		</dict>
		<key>F7762B5A1D9B75B5001F64EE</key>
		<dict>
			<key>children</key>
			<array>
				<string>F7762B5F1D9B75C8001F64EE</string>
				<string>F7762B601D9B75C8001F64EE</string>
			</array>
			<key>isa</key>
			<string>PBXGroup</string>
			<key>path</key>
			<string>Launch</string>
			<key>sourceTree</key>
			<string>&lt;group&gt;</string>
		</dict>
		<key>F7762B5B1D9B75B5001F64EE</key>
		<dict>
			<key>children</key>
			<array>
				<string>F784E5E61E780FB60000F0E1</string>
				<string>F76364BD1DF3F63600DBA050</string>
				<string>F7762B5C1D9B75B5001F64EE</string>
				<string>F7762B5D1D9B75B5001F64EE</string>
				<string>F7225FC41DEBF76800E2081E</string>
				<string>F7225FC51DEBF76800E2081E</string>
				<string>F78D79DA1DED26A800395466</string>
				<string>F78D79DB1DED26A800395466</string>
				<string>F7E4F5C31E973D2400EA4D90</string>
				<string>F7E4F5C41E973D2400EA4D90</string>
			</array>
			<key>isa</key>
			<string>PBXGroup</string>
			<key>path</key>
			<string>Main</string>
			<key>sourceTree</key>
			<string>&lt;group&gt;</string>
		</dict>
		<key>F7762B5C1D9B75B5001F64EE</key>
		<dict>
			<key>fileEncoding</key>
			<string>4</string>
			<key>isa</key>
			<string>PBXFileReference</string>
			<key>lastKnownFileType</key>
			<string>sourcecode.c.h</string>
			<key>path</key>
			<string>MYMainViewController.h</string>
			<key>sourceTree</key>
			<string>&lt;group&gt;</string>
		</dict>
		<key>F7762B5D1D9B75B5001F64EE</key>
		<dict>
			<key>fileEncoding</key>
			<string>4</string>
			<key>isa</key>
			<string>PBXFileReference</string>
			<key>lastKnownFileType</key>
			<string>sourcecode.c.objc</string>
			<key>path</key>
			<string>MYMainViewController.m</string>
			<key>sourceTree</key>
			<string>&lt;group&gt;</string>
		</dict>
		<key>F7762B5E1D9B75B5001F64EE</key>
		<dict>
			<key>fileRef</key>
			<string>F7762B5D1D9B75B5001F64EE</string>
			<key>isa</key>
			<string>PBXBuildFile</string>
		</dict>
		<key>F7762B5F1D9B75C8001F64EE</key>
		<dict>
			<key>fileEncoding</key>
			<string>4</string>
			<key>isa</key>
			<string>PBXFileReference</string>
			<key>lastKnownFileType</key>
			<string>sourcecode.c.h</string>
			<key>path</key>
			<string>MYLaunchViewController.h</string>
			<key>sourceTree</key>
			<string>&lt;group&gt;</string>
		</dict>
		<key>F7762B601D9B75C8001F64EE</key>
		<dict>
			<key>fileEncoding</key>
			<string>4</string>
			<key>isa</key>
			<string>PBXFileReference</string>
			<key>lastKnownFileType</key>
			<string>sourcecode.c.objc</string>
			<key>path</key>
			<string>MYLaunchViewController.m</string>
			<key>sourceTree</key>
			<string>&lt;group&gt;</string>
		</dict>
		<key>F7762B611D9B75C8001F64EE</key>
		<dict>
			<key>fileRef</key>
			<string>F7762B601D9B75C8001F64EE</string>
			<key>isa</key>
			<string>PBXBuildFile</string>
		</dict>
		<key>F784E5E31E77ECB90000F0E1</key>
		<dict>
			<key>fileEncoding</key>
			<string>4</string>
			<key>isa</key>
			<string>PBXFileReference</string>
			<key>lastKnownFileType</key>
			<string>sourcecode.c.h</string>
			<key>path</key>
			<string>MYImageBrowser.h</string>
			<key>sourceTree</key>
			<string>&lt;group&gt;</string>
		</dict>
		<key>F784E5E41E77ECB90000F0E1</key>
		<dict>
			<key>fileEncoding</key>
			<string>4</string>
			<key>isa</key>
			<string>PBXFileReference</string>
			<key>lastKnownFileType</key>
			<string>sourcecode.c.objc</string>
			<key>path</key>
			<string>MYImageBrowser.m</string>
			<key>sourceTree</key>
			<string>&lt;group&gt;</string>
		</dict>
		<key>F784E5E51E77ECB90000F0E1</key>
		<dict>
			<key>fileRef</key>
			<string>F784E5E41E77ECB90000F0E1</string>
			<key>isa</key>
			<string>PBXBuildFile</string>
		</dict>
		<key>F784E5E61E780FB60000F0E1</key>
		<dict>
			<key>children</key>
			<array>
				<string>F703C9EB1E7817580068D727</string>
				<string>F703C9EC1E7817580068D727</string>
			</array>
			<key>isa</key>
			<string>PBXGroup</string>
			<key>path</key>
			<string>Base</string>
			<key>sourceTree</key>
			<string>&lt;group&gt;</string>
		</dict>
		<key>F78D79DA1DED26A800395466</key>
		<dict>
			<key>fileEncoding</key>
			<string>4</string>
			<key>isa</key>
			<string>PBXFileReference</string>
			<key>lastKnownFileType</key>
			<string>sourcecode.c.h</string>
			<key>path</key>
			<string>MYMineViewController.h</string>
			<key>sourceTree</key>
			<string>&lt;group&gt;</string>
		</dict>
		<key>F78D79DB1DED26A800395466</key>
		<dict>
			<key>fileEncoding</key>
			<string>4</string>
			<key>isa</key>
			<string>PBXFileReference</string>
			<key>lastKnownFileType</key>
			<string>sourcecode.c.objc</string>
			<key>path</key>
			<string>MYMineViewController.m</string>
			<key>sourceTree</key>
			<string>&lt;group&gt;</string>
		</dict>
		<key>F78D79DC1DED26A800395466</key>
		<dict>
			<key>fileRef</key>
			<string>F78D79DB1DED26A800395466</string>
			<key>isa</key>
			<string>PBXBuildFile</string>
		</dict>
		<key>F79D9A121D9562E9007AA167</key>
		<dict>
			<key>children</key>
			<array>
				<string>F71A949D1E77BE38007A7183</string>
				<string>F71A949E1E77BE38007A7183</string>
				<string>F71A94AB1E77DCD8007A7183</string>
				<string>F71A94AD1E77E37C007A7183</string>
				<string>F79D9A1D1D9562E9007AA167</string>
				<string>F79D9A371D9562E9007AA167</string>
				<string>F79D9A421D9562E9007AA167</string>
				<string>F79D9A1C1D9562E9007AA167</string>
				<string>A569F2681426079955EDE2A9</string>
				<string>980EE27016A552139749DDC0</string>
			</array>
			<key>isa</key>
			<string>PBXGroup</string>
			<key>sourceTree</key>
			<string>&lt;group&gt;</string>
		</dict>
		<key>F79D9A131D9562E9007AA167</key>
		<dict>
			<key>attributes</key>
			<dict>
				<key>LastUpgradeCheck</key>
				<string>0800</string>
				<key>ORGANIZATIONNAME</key>
				<string>wmy</string>
				<key>TargetAttributes</key>
				<dict>
					<key>F79D9A1A1D9562E9007AA167</key>
					<dict>
						<key>CreatedOnToolsVersion</key>
						<string>8.0</string>
						<key>DevelopmentTeam</key>
						<string>LDD2REGS3S</string>
						<key>ProvisioningStyle</key>
						<string>Automatic</string>
					</dict>
				</dict>
			</dict>
			<key>buildConfigurationList</key>
			<string>F79D9A161D9562E9007AA167</string>
			<key>compatibilityVersion</key>
			<string>Xcode 3.2</string>
			<key>developmentRegion</key>
			<string>English</string>
			<key>hasScannedForEncodings</key>
			<string>0</string>
			<key>isa</key>
			<string>PBXProject</string>
			<key>knownRegions</key>
			<array>
				<string>en</string>
				<string>Base</string>
			</array>
			<key>mainGroup</key>
			<string>F79D9A121D9562E9007AA167</string>
			<key>productRefGroup</key>
			<string>F79D9A1C1D9562E9007AA167</string>
			<key>projectDirPath</key>
			<string></string>
			<key>projectReferences</key>
			<array/>
			<key>projectRoot</key>
			<string></string>
			<key>targets</key>
			<array>
				<string>F79D9A1A1D9562E9007AA167</string>
			</array>
		</dict>
		<key>F79D9A161D9562E9007AA167</key>
		<dict>
			<key>buildConfigurations</key>
			<array>
				<string>F79D9A461D9562E9007AA167</string>
				<string>F79D9A471D9562E9007AA167</string>
			</array>
			<key>defaultConfigurationIsVisible</key>
			<string>0</string>
			<key>defaultConfigurationName</key>
			<string>Release</string>
			<key>isa</key>
			<string>XCConfigurationList</string>
		</dict>
		<key>F79D9A171D9562E9007AA167</key>
		<dict>
			<key>buildActionMask</key>
			<string>2147483647</string>
			<key>files</key>
			<array>
				<string>F79D9A231D9562E9007AA167</string>
				<string>F7E4F5D91E97412800EA4D90</string>
				<string>F74460411E83ECA10047D17B</string>
				<string>F7E4F5DA1E97412800EA4D90</string>
				<string>F76364C31DF3F72A00DBA050</string>
				<string>F72401871E0FDD18006D816B</string>
				<string>F79D9A201D9562E9007AA167</string>
				<string>F78D79DC1DED26A800395466</string>
				<string>F7225FC61DEBF76800E2081E</string>
				<string>F72401921E0FEDC2006D816B</string>
				<string>F7E4F5C91E973D9C00EA4D90</string>
				<string>F724018B1E0FE277006D816B</string>
				<string>F76E24CD1E13BE7A00A2E79B</string>
				<string>F724018E1E0FE2E1006D816B</string>
				<string>F7E4F5CD1E973DDD00EA4D90</string>
				<string>F76364C01DF3F63600DBA050</string>
				<string>F7762B5E1D9B75B5001F64EE</string>
				<string>F74308A51E0AABFB00F33C79</string>
				<string>F74308A81E0AB20B00F33C79</string>
				<string>F7E713361D9BC36200F8F300</string>
				<string>F71A94AA1E77CFB0007A7183</string>
				<string>F7F35D9F1D9BD4A4006767C5</string>
				<string>F76364C91DF4049800DBA050</string>
				<string>F7DC04E51D9CFEAC00D70E51</string>
				<string>F72401801E0FD836006D816B</string>
				<string>F7762B611D9B75C8001F64EE</string>
				<string>F7E713391D9BC6B300F8F300</string>
				<string>F7DC60591E0E58B600BA7304</string>
				<string>F7E4F5DE1E97414500EA4D90</string>
				<string>F784E5E51E77ECB90000F0E1</string>
				<string>F7E713221D9BC2EC00F8F300</string>
				<string>F76364C61DF3F7A200DBA050</string>
				<string>F7E4F5C51E973D2400EA4D90</string>
				<string>F703C9ED1E7817580068D727</string>
				<string>F7DC60541E0E51E900BA7304</string>
				<string>F7E4F5D11E97400400EA4D90</string>
				<string>F76364CD1DF407F700DBA050</string>
			</array>
			<key>isa</key>
			<string>PBXSourcesBuildPhase</string>
			<key>runOnlyForDeploymentPostprocessing</key>
			<string>0</string>
		</dict>
		<key>F79D9A181D9562E9007AA167</key>
		<dict>
			<key>buildActionMask</key>
			<string>2147483647</string>
			<key>files</key>
			<array>
				<string>F7B6A1331DC883B8006227C7</string>
				<string>F7B6A1311DC88393006227C7</string>
				<string>F7B6A12F1DC88339006227C7</string>
				<string>F7B6A1281DC882D9006227C7</string>
				<string>F7F35DA91D9BF8BA006767C5</string>
				<string>F7762B591D9B7407001F64EE</string>
				<string>76108595ECDD22FFBFBB293F</string>
			</array>
			<key>isa</key>
			<string>PBXFrameworksBuildPhase</string>
			<key>runOnlyForDeploymentPostprocessing</key>
			<string>0</string>
		</dict>
		<key>F79D9A191D9562E9007AA167</key>
		<dict>
			<key>buildActionMask</key>
			<string>2147483647</string>
			<key>files</key>
			<array>
				<string>F71A94AE1E77E37C007A7183</string>
				<string>F71A949F1E77BE38007A7183</string>
				<string>F7F35D9B1D9BD379006767C5</string>
				<string>F79D9A541D956D6C007AA167</string>
				<string>F79D9A2E1D9562E9007AA167</string>
				<string>F71A94A01E77BE38007A7183</string>
				<string>F79D9A291D9562E9007AA167</string>
				<string>F7F35D9C1D9BD379006767C5</string>
				<string>F71A94AC1E77DCD8007A7183</string>
			</array>
			<key>isa</key>
			<string>PBXResourcesBuildPhase</string>
			<key>runOnlyForDeploymentPostprocessing</key>
			<string>0</string>
		</dict>
		<key>F79D9A1A1D9562E9007AA167</key>
		<dict>
			<key>buildConfigurationList</key>
			<string>F79D9A481D9562E9007AA167</string>
			<key>buildPhases</key>
			<array>
				<string>D24FB060D4ED22B067B7A7E4</string>
				<string>F79D9A171D9562E9007AA167</string>
				<string>F79D9A181D9562E9007AA167</string>
				<string>F79D9A191D9562E9007AA167</string>
				<string>DF69C29EE6F4367422161836</string>
				<string>FB62CF000176301083EEBA1C</string>
				<string>CA4B003F9BA6416521B4F76C</string>
			</array>
			<key>buildRules</key>
			<array/>
			<key>dependencies</key>
			<array/>
			<key>isa</key>
			<string>PBXNativeTarget</string>
			<key>name</key>
			<string>musixise</string>
			<key>productName</key>
			<string>musixise</string>
			<key>productReference</key>
			<string>F79D9A1B1D9562E9007AA167</string>
			<key>productType</key>
			<string>com.apple.product-type.application</string>
		</dict>
		<key>F79D9A1B1D9562E9007AA167</key>
		<dict>
			<key>explicitFileType</key>
			<string>wrapper.application</string>
			<key>includeInIndex</key>
			<string>0</string>
			<key>isa</key>
			<string>PBXFileReference</string>
			<key>path</key>
			<string>musixise.app</string>
			<key>sourceTree</key>
			<string>BUILT_PRODUCTS_DIR</string>
		</dict>
		<key>F79D9A1C1D9562E9007AA167</key>
		<dict>
			<key>children</key>
			<array>
				<string>F79D9A1B1D9562E9007AA167</string>
			</array>
			<key>isa</key>
			<string>PBXGroup</string>
			<key>name</key>
			<string>Products</string>
			<key>sourceTree</key>
			<string>&lt;group&gt;</string>
		</dict>
		<key>F79D9A1D1D9562E9007AA167</key>
		<dict>
			<key>children</key>
			<array>
				<string>F7DC60551E0E589500BA7304</string>
				<string>F7F35D981D9BD379006767C5</string>
				<string>F7E713231D9BC33C00F8F300</string>
				<string>F7E7132E1D9BC33C00F8F300</string>
				<string>F7E7132F1D9BC33C00F8F300</string>
				<string>F79D9A551D956EA9007AA167</string>
				<string>F79D9A211D9562E9007AA167</string>
				<string>F79D9A221D9562E9007AA167</string>
				<string>F79D9A271D9562E9007AA167</string>
				<string>F79D9A2C1D9562E9007AA167</string>
				<string>F79D9A2F1D9562E9007AA167</string>
				<string>F79D9A531D956D6C007AA167</string>
				<string>F79D9A1E1D9562E9007AA167</string>
			</array>
			<key>isa</key>
			<string>PBXGroup</string>
			<key>path</key>
			<string>musixise</string>
			<key>sourceTree</key>
			<string>&lt;group&gt;</string>
		</dict>
		<key>F79D9A1E1D9562E9007AA167</key>
		<dict>
			<key>children</key>
			<array>
				<string>F79D9A1F1D9562E9007AA167</string>
			</array>
			<key>isa</key>
			<string>PBXGroup</string>
			<key>name</key>
			<string>Supporting Files</string>
			<key>sourceTree</key>
			<string>&lt;group&gt;</string>
		</dict>
		<key>F79D9A1F1D9562E9007AA167</key>
		<dict>
			<key>isa</key>
			<string>PBXFileReference</string>
			<key>lastKnownFileType</key>
			<string>sourcecode.c.objc</string>
			<key>path</key>
			<string>main.m</string>
			<key>sourceTree</key>
			<string>&lt;group&gt;</string>
		</dict>
		<key>F79D9A201D9562E9007AA167</key>
		<dict>
			<key>fileRef</key>
			<string>F79D9A1F1D9562E9007AA167</string>
			<key>isa</key>
			<string>PBXBuildFile</string>
		</dict>
		<key>F79D9A211D9562E9007AA167</key>
		<dict>
			<key>isa</key>
			<string>PBXFileReference</string>
			<key>lastKnownFileType</key>
			<string>sourcecode.c.h</string>
			<key>path</key>
			<string>AppDelegate.h</string>
			<key>sourceTree</key>
			<string>&lt;group&gt;</string>
		</dict>
		<key>F79D9A221D9562E9007AA167</key>
		<dict>
			<key>isa</key>
			<string>PBXFileReference</string>
			<key>lastKnownFileType</key>
			<string>sourcecode.c.objc</string>
			<key>path</key>
			<string>AppDelegate.m</string>
			<key>sourceTree</key>
			<string>&lt;group&gt;</string>
		</dict>
		<key>F79D9A231D9562E9007AA167</key>
		<dict>
			<key>fileRef</key>
			<string>F79D9A221D9562E9007AA167</string>
			<key>isa</key>
			<string>PBXBuildFile</string>
		</dict>
		<key>F79D9A271D9562E9007AA167</key>
		<dict>
			<key>children</key>
			<array>
				<string>F79D9A281D9562E9007AA167</string>
			</array>
			<key>isa</key>
			<string>PBXVariantGroup</string>
			<key>name</key>
			<string>Main.storyboard</string>
			<key>sourceTree</key>
			<string>&lt;group&gt;</string>
		</dict>
		<key>F79D9A281D9562E9007AA167</key>
		<dict>
			<key>isa</key>
			<string>PBXFileReference</string>
			<key>lastKnownFileType</key>
			<string>file.storyboard</string>
			<key>name</key>
			<string>Base</string>
			<key>path</key>
			<string>Base.lproj/Main.storyboard</string>
			<key>sourceTree</key>
			<string>&lt;group&gt;</string>
		</dict>
		<key>F79D9A291D9562E9007AA167</key>
		<dict>
			<key>fileRef</key>
			<string>F79D9A271D9562E9007AA167</string>
			<key>isa</key>
			<string>PBXBuildFile</string>
		</dict>
		<key>F79D9A2C1D9562E9007AA167</key>
		<dict>
			<key>children</key>
			<array>
				<string>F79D9A2D1D9562E9007AA167</string>
			</array>
			<key>isa</key>
			<string>PBXVariantGroup</string>
			<key>name</key>
			<string>LaunchScreen.storyboard</string>
			<key>sourceTree</key>
			<string>&lt;group&gt;</string>
		</dict>
		<key>F79D9A2D1D9562E9007AA167</key>
		<dict>
			<key>isa</key>
			<string>PBXFileReference</string>
			<key>lastKnownFileType</key>
			<string>file.storyboard</string>
			<key>name</key>
			<string>Base</string>
			<key>path</key>
			<string>Base.lproj/LaunchScreen.storyboard</string>
			<key>sourceTree</key>
			<string>&lt;group&gt;</string>
		</dict>
		<key>F79D9A2E1D9562E9007AA167</key>
		<dict>
			<key>fileRef</key>
			<string>F79D9A2C1D9562E9007AA167</string>
			<key>isa</key>
			<string>PBXBuildFile</string>
		</dict>
		<key>F79D9A2F1D9562E9007AA167</key>
		<dict>
			<key>isa</key>
			<string>PBXFileReference</string>
			<key>lastKnownFileType</key>
			<string>text.plist.xml</string>
			<key>path</key>
			<string>Info.plist</string>
			<key>sourceTree</key>
			<string>&lt;group&gt;</string>
		</dict>
		<key>F79D9A371D9562E9007AA167</key>
		<dict>
			<key>children</key>
			<array>
				<string>F79D9A381D9562E9007AA167</string>
				<string>F79D9A3A1D9562E9007AA167</string>
			</array>
			<key>isa</key>
			<string>PBXGroup</string>
			<key>path</key>
			<string>musixiseTests</string>
			<key>sourceTree</key>
			<string>&lt;group&gt;</string>
		</dict>
		<key>F79D9A381D9562E9007AA167</key>
		<dict>
			<key>isa</key>
			<string>PBXFileReference</string>
			<key>lastKnownFileType</key>
			<string>sourcecode.c.objc</string>
			<key>path</key>
			<string>musixiseTests.m</string>
			<key>sourceTree</key>
			<string>&lt;group&gt;</string>
		</dict>
		<key>F79D9A3A1D9562E9007AA167</key>
		<dict>
			<key>isa</key>
			<string>PBXFileReference</string>
			<key>lastKnownFileType</key>
			<string>text.plist.xml</string>
			<key>path</key>
			<string>Info.plist</string>
			<key>sourceTree</key>
			<string>&lt;group&gt;</string>
		</dict>
		<key>F79D9A421D9562E9007AA167</key>
		<dict>
			<key>children</key>
			<array>
				<string>F79D9A431D9562E9007AA167</string>
				<string>F79D9A451D9562E9007AA167</string>
			</array>
			<key>isa</key>
			<string>PBXGroup</string>
			<key>path</key>
			<string>musixiseUITests</string>
			<key>sourceTree</key>
			<string>&lt;group&gt;</string>
		</dict>
		<key>F79D9A431D9562E9007AA167</key>
		<dict>
			<key>isa</key>
			<string>PBXFileReference</string>
			<key>lastKnownFileType</key>
			<string>sourcecode.c.objc</string>
			<key>path</key>
			<string>musixiseUITests.m</string>
			<key>sourceTree</key>
			<string>&lt;group&gt;</string>
		</dict>
		<key>F79D9A451D9562E9007AA167</key>
		<dict>
			<key>isa</key>
			<string>PBXFileReference</string>
			<key>lastKnownFileType</key>
			<string>text.plist.xml</string>
			<key>path</key>
			<string>Info.plist</string>
			<key>sourceTree</key>
			<string>&lt;group&gt;</string>
		</dict>
		<key>F79D9A461D9562E9007AA167</key>
		<dict>
			<key>buildSettings</key>
			<dict>
				<key>ALWAYS_SEARCH_USER_PATHS</key>
				<string>NO</string>
				<key>CLANG_ANALYZER_NONNULL</key>
				<string>YES</string>
				<key>CLANG_CXX_LANGUAGE_STANDARD</key>
				<string>gnu++0x</string>
				<key>CLANG_CXX_LIBRARY</key>
				<string>libc++</string>
				<key>CLANG_ENABLE_MODULES</key>
				<string>YES</string>
				<key>CLANG_ENABLE_OBJC_ARC</key>
				<string>YES</string>
				<key>CLANG_WARN_BOOL_CONVERSION</key>
				<string>YES</string>
				<key>CLANG_WARN_CONSTANT_CONVERSION</key>
				<string>YES</string>
				<key>CLANG_WARN_DIRECT_OBJC_ISA_USAGE</key>
				<string>YES_ERROR</string>
				<key>CLANG_WARN_DOCUMENTATION_COMMENTS</key>
				<string>YES</string>
				<key>CLANG_WARN_EMPTY_BODY</key>
				<string>YES</string>
				<key>CLANG_WARN_ENUM_CONVERSION</key>
				<string>YES</string>
				<key>CLANG_WARN_INFINITE_RECURSION</key>
				<string>YES</string>
				<key>CLANG_WARN_INT_CONVERSION</key>
				<string>YES</string>
				<key>CLANG_WARN_OBJC_ROOT_CLASS</key>
				<string>YES_ERROR</string>
				<key>CLANG_WARN_SUSPICIOUS_MOVES</key>
				<string>YES</string>
				<key>CLANG_WARN_UNREACHABLE_CODE</key>
				<string>YES</string>
				<key>CLANG_WARN__DUPLICATE_METHOD_MATCH</key>
				<string>YES</string>
				<key>CODE_SIGN_IDENTITY[sdk=iphoneos*]</key>
				<string>iPhone Developer</string>
				<key>COPY_PHASE_STRIP</key>
				<string>NO</string>
				<key>DEBUG_INFORMATION_FORMAT</key>
				<string>dwarf</string>
				<key>ENABLE_STRICT_OBJC_MSGSEND</key>
				<string>YES</string>
				<key>ENABLE_TESTABILITY</key>
				<string>YES</string>
				<key>GCC_C_LANGUAGE_STANDARD</key>
				<string>gnu99</string>
				<key>GCC_DYNAMIC_NO_PIC</key>
				<string>NO</string>
				<key>GCC_NO_COMMON_BLOCKS</key>
				<string>YES</string>
				<key>GCC_OPTIMIZATION_LEVEL</key>
				<string>0</string>
				<key>GCC_PREPROCESSOR_DEFINITIONS</key>
				<array>
					<string>DEBUG=1</string>
					<string>$(inherited)</string>
				</array>
				<key>GCC_WARN_64_TO_32_BIT_CONVERSION</key>
				<string>YES</string>
				<key>GCC_WARN_ABOUT_RETURN_TYPE</key>
				<string>YES_ERROR</string>
				<key>GCC_WARN_UNDECLARED_SELECTOR</key>
				<string>YES</string>
				<key>GCC_WARN_UNINITIALIZED_AUTOS</key>
				<string>YES_AGGRESSIVE</string>
				<key>GCC_WARN_UNUSED_FUNCTION</key>
				<string>YES</string>
				<key>GCC_WARN_UNUSED_VARIABLE</key>
				<string>YES</string>
				<key>IPHONEOS_DEPLOYMENT_TARGET</key>
				<string>10.0</string>
				<key>MTL_ENABLE_DEBUG_INFO</key>
				<string>YES</string>
				<key>ONLY_ACTIVE_ARCH</key>
				<string>YES</string>
				<key>SDKROOT</key>
				<string>iphoneos</string>
			</dict>
			<key>isa</key>
			<string>XCBuildConfiguration</string>
			<key>name</key>
			<string>Debug</string>
		</dict>
		<key>F79D9A471D9562E9007AA167</key>
		<dict>
			<key>buildSettings</key>
			<dict>
				<key>ALWAYS_SEARCH_USER_PATHS</key>
				<string>NO</string>
				<key>CLANG_ANALYZER_NONNULL</key>
				<string>YES</string>
				<key>CLANG_CXX_LANGUAGE_STANDARD</key>
				<string>gnu++0x</string>
				<key>CLANG_CXX_LIBRARY</key>
				<string>libc++</string>
				<key>CLANG_ENABLE_MODULES</key>
				<string>YES</string>
				<key>CLANG_ENABLE_OBJC_ARC</key>
				<string>YES</string>
				<key>CLANG_WARN_BOOL_CONVERSION</key>
				<string>YES</string>
				<key>CLANG_WARN_CONSTANT_CONVERSION</key>
				<string>YES</string>
				<key>CLANG_WARN_DIRECT_OBJC_ISA_USAGE</key>
				<string>YES_ERROR</string>
				<key>CLANG_WARN_DOCUMENTATION_COMMENTS</key>
				<string>YES</string>
				<key>CLANG_WARN_EMPTY_BODY</key>
				<string>YES</string>
				<key>CLANG_WARN_ENUM_CONVERSION</key>
				<string>YES</string>
				<key>CLANG_WARN_INFINITE_RECURSION</key>
				<string>YES</string>
				<key>CLANG_WARN_INT_CONVERSION</key>
				<string>YES</string>
				<key>CLANG_WARN_OBJC_ROOT_CLASS</key>
				<string>YES_ERROR</string>
				<key>CLANG_WARN_SUSPICIOUS_MOVES</key>
				<string>YES</string>
				<key>CLANG_WARN_UNREACHABLE_CODE</key>
				<string>YES</string>
				<key>CLANG_WARN__DUPLICATE_METHOD_MATCH</key>
				<string>YES</string>
				<key>CODE_SIGN_IDENTITY[sdk=iphoneos*]</key>
				<string>iPhone Developer</string>
				<key>COPY_PHASE_STRIP</key>
				<string>NO</string>
				<key>DEBUG_INFORMATION_FORMAT</key>
				<string>dwarf-with-dsym</string>
				<key>ENABLE_NS_ASSERTIONS</key>
				<string>NO</string>
				<key>ENABLE_STRICT_OBJC_MSGSEND</key>
				<string>YES</string>
				<key>GCC_C_LANGUAGE_STANDARD</key>
				<string>gnu99</string>
				<key>GCC_NO_COMMON_BLOCKS</key>
				<string>YES</string>
				<key>GCC_WARN_64_TO_32_BIT_CONVERSION</key>
				<string>YES</string>
				<key>GCC_WARN_ABOUT_RETURN_TYPE</key>
				<string>YES_ERROR</string>
				<key>GCC_WARN_UNDECLARED_SELECTOR</key>
				<string>YES</string>
				<key>GCC_WARN_UNINITIALIZED_AUTOS</key>
				<string>YES_AGGRESSIVE</string>
				<key>GCC_WARN_UNUSED_FUNCTION</key>
				<string>YES</string>
				<key>GCC_WARN_UNUSED_VARIABLE</key>
				<string>YES</string>
				<key>IPHONEOS_DEPLOYMENT_TARGET</key>
				<string>10.0</string>
				<key>MTL_ENABLE_DEBUG_INFO</key>
				<string>NO</string>
				<key>SDKROOT</key>
				<string>iphoneos</string>
				<key>VALIDATE_PRODUCT</key>
				<string>YES</string>
			</dict>
			<key>isa</key>
			<string>XCBuildConfiguration</string>
			<key>name</key>
			<string>Release</string>
		</dict>
		<key>F79D9A481D9562E9007AA167</key>
		<dict>
			<key>buildConfigurations</key>
			<array>
				<string>F79D9A491D9562E9007AA167</string>
				<string>F79D9A4A1D9562E9007AA167</string>
			</array>
			<key>defaultConfigurationIsVisible</key>
			<string>0</string>
			<key>defaultConfigurationName</key>
			<string>Release</string>
			<key>isa</key>
			<string>XCConfigurationList</string>
		</dict>
		<key>F79D9A491D9562E9007AA167</key>
		<dict>
			<key>baseConfigurationReference</key>
			<string>93311A2A71FA96EADC35E40C</string>
			<key>buildSettings</key>
			<dict>
				<key>ASSETCATALOG_COMPILER_APPICON_NAME</key>
				<string>AppIcon</string>
				<key>ASSETCATALOG_COMPILER_LAUNCHIMAGE_NAME</key>
				<string>LaunchImage</string>
				<key>CLANG_ENABLE_OBJC_WEAK</key>
				<string>YES</string>
				<key>CLANG_WARN_OBJC_REPEATED_USE_OF_WEAK</key>
				<string>YES</string>
				<key>CODE_SIGN_IDENTITY[sdk=iphoneos*]</key>
				<string>iPhone Developer</string>
				<key>DEVELOPMENT_TEAM</key>
				<string>LDD2REGS3S</string>
				<key>INFOPLIST_FILE</key>
				<string>musixise/Info.plist</string>
				<key>IPHONEOS_DEPLOYMENT_TARGET</key>
				<string>8.0</string>
				<key>LD_RUNPATH_SEARCH_PATHS</key>
				<string>$(inherited) @executable_path/Frameworks</string>
				<key>PRODUCT_BUNDLE_IDENTIFIER</key>
				<string>com.musixise.live</string>
				<key>PRODUCT_NAME</key>
				<string>$(TARGET_NAME)</string>
			</dict>
			<key>isa</key>
			<string>XCBuildConfiguration</string>
			<key>name</key>
			<string>Debug</string>
		</dict>
		<key>F79D9A4A1D9562E9007AA167</key>
		<dict>
			<key>baseConfigurationReference</key>
			<string>2691E05A3D18C3086D6DA096</string>
			<key>buildSettings</key>
			<dict>
				<key>ASSETCATALOG_COMPILER_APPICON_NAME</key>
				<string>AppIcon</string>
				<key>ASSETCATALOG_COMPILER_LAUNCHIMAGE_NAME</key>
				<string>LaunchImage</string>
				<key>CLANG_ENABLE_OBJC_WEAK</key>
				<string>YES</string>
				<key>CLANG_WARN_OBJC_REPEATED_USE_OF_WEAK</key>
				<string>YES</string>
				<key>CODE_SIGN_IDENTITY[sdk=iphoneos*]</key>
				<string>iPhone Developer</string>
				<key>DEVELOPMENT_TEAM</key>
				<string>LDD2REGS3S</string>
				<key>INFOPLIST_FILE</key>
				<string>musixise/Info.plist</string>
				<key>IPHONEOS_DEPLOYMENT_TARGET</key>
				<string>8.0</string>
				<key>LD_RUNPATH_SEARCH_PATHS</key>
				<string>$(inherited) @executable_path/Frameworks</string>
				<key>PRODUCT_BUNDLE_IDENTIFIER</key>
				<string>com.musixise.live</string>
				<key>PRODUCT_NAME</key>
				<string>$(TARGET_NAME)</string>
			</dict>
			<key>isa</key>
			<string>XCBuildConfiguration</string>
			<key>name</key>
			<string>Release</string>
		</dict>
		<key>F79D9A531D956D6C007AA167</key>
		<dict>
			<key>isa</key>
			<string>PBXFileReference</string>
			<key>lastKnownFileType</key>
			<string>folder.assetcatalog</string>
			<key>path</key>
			<string>Images.xcassets</string>
			<key>sourceTree</key>
			<string>&lt;group&gt;</string>
		</dict>
		<key>F79D9A541D956D6C007AA167</key>
		<dict>
			<key>fileRef</key>
			<string>F79D9A531D956D6C007AA167</string>
			<key>isa</key>
			<string>PBXBuildFile</string>
		</dict>
		<key>F79D9A551D956EA9007AA167</key>
		<dict>
			<key>children</key>
			<array>
				<string>F76E24CA1E13BE6400A2E79B</string>
				<string>F76364CA1DF4067600DBA050</string>
				<string>F7E7131F1D9BC2DC00F8F300</string>
				<string>F7762B5A1D9B75B5001F64EE</string>
				<string>F7762B5B1D9B75B5001F64EE</string>
			</array>
			<key>isa</key>
			<string>PBXGroup</string>
			<key>path</key>
			<string>ViewControllers</string>
			<key>sourceTree</key>
			<string>&lt;group&gt;</string>
		</dict>
		<key>F79DAE9D1DED66CC005FD65F</key>
		<dict>
			<key>children</key>
			<array>
				<string>F7E4F5DB1E97413500EA4D90</string>
				<string>F7E4F5D21E97412800EA4D90</string>
			</array>
			<key>isa</key>
			<string>PBXGroup</string>
			<key>path</key>
			<string>Main</string>
			<key>sourceTree</key>
			<string>&lt;group&gt;</string>
		</dict>
		<key>F7B6A1271DC882D9006227C7</key>
		<dict>
			<key>isa</key>
			<string>PBXFileReference</string>
			<key>lastKnownFileType</key>
			<string>wrapper.framework</string>
			<key>name</key>
			<string>CoreTelephony.framework</string>
			<key>path</key>
			<string>System/Library/Frameworks/CoreTelephony.framework</string>
			<key>sourceTree</key>
			<string>SDKROOT</string>
		</dict>
		<key>F7B6A1281DC882D9006227C7</key>
		<dict>
			<key>fileRef</key>
			<string>F7B6A1271DC882D9006227C7</string>
			<key>isa</key>
			<string>PBXBuildFile</string>
		</dict>
		<key>F7B6A1291DC882FD006227C7</key>
		<dict>
			<key>isa</key>
			<string>PBXFileReference</string>
			<key>lastKnownFileType</key>
			<string>sourcecode.text-based-dylib-definition</string>
			<key>name</key>
			<string>libz.1.2.8.tbd</string>
			<key>path</key>
			<string>usr/lib/libz.1.2.8.tbd</string>
			<key>sourceTree</key>
			<string>SDKROOT</string>
		</dict>
		<key>F7B6A12B1DC8831B006227C7</key>
		<dict>
			<key>isa</key>
			<string>PBXFileReference</string>
			<key>lastKnownFileType</key>
			<string>sourcecode.text-based-dylib-definition</string>
			<key>name</key>
			<string>libstdc++.6.0.9.tbd</string>
			<key>path</key>
			<string>usr/lib/libstdc++.6.0.9.tbd</string>
			<key>sourceTree</key>
			<string>SDKROOT</string>
		</dict>
		<key>F7B6A12D1DC8832F006227C7</key>
		<dict>
			<key>isa</key>
			<string>PBXFileReference</string>
			<key>lastKnownFileType</key>
			<string>sourcecode.text-based-dylib-definition</string>
			<key>name</key>
			<string>libz.1.1.3.tbd</string>
			<key>path</key>
			<string>usr/lib/libz.1.1.3.tbd</string>
			<key>sourceTree</key>
			<string>SDKROOT</string>
		</dict>
		<key>F7B6A12F1DC88339006227C7</key>
		<dict>
			<key>fileRef</key>
			<string>F7B6A12D1DC8832F006227C7</string>
			<key>isa</key>
			<string>PBXBuildFile</string>
		</dict>
		<key>F7B6A1301DC88393006227C7</key>
		<dict>
			<key>isa</key>
			<string>PBXFileReference</string>
			<key>lastKnownFileType</key>
			<string>sourcecode.text-based-dylib-definition</string>
			<key>name</key>
			<string>libsqlite3.tbd</string>
			<key>path</key>
			<string>usr/lib/libsqlite3.tbd</string>
			<key>sourceTree</key>
			<string>SDKROOT</string>
		</dict>
		<key>F7B6A1311DC88393006227C7</key>
		<dict>
			<key>fileRef</key>
			<string>F7B6A1301DC88393006227C7</string>
			<key>isa</key>
			<string>PBXBuildFile</string>
		</dict>
		<key>F7B6A1321DC883B8006227C7</key>
		<dict>
			<key>isa</key>
			<string>PBXFileReference</string>
			<key>lastKnownFileType</key>
			<string>sourcecode.text-based-dylib-definition</string>
			<key>name</key>
			<string>libc++.tbd</string>
			<key>path</key>
			<string>usr/lib/libc++.tbd</string>
			<key>sourceTree</key>
			<string>SDKROOT</string>
		</dict>
		<key>F7B6A1331DC883B8006227C7</key>
		<dict>
			<key>fileRef</key>
			<string>F7B6A1321DC883B8006227C7</string>
			<key>isa</key>
			<string>PBXBuildFile</string>
		</dict>
		<key>F7DC04E31D9CFEAC00D70E51</key>
		<dict>
			<key>fileEncoding</key>
			<string>4</string>
			<key>isa</key>
			<string>PBXFileReference</string>
			<key>lastKnownFileType</key>
			<string>sourcecode.c.h</string>
			<key>path</key>
			<string>MYAppDelegateUtils.h</string>
			<key>sourceTree</key>
			<string>&lt;group&gt;</string>
		</dict>
		<key>F7DC04E41D9CFEAC00D70E51</key>
		<dict>
			<key>fileEncoding</key>
			<string>4</string>
			<key>isa</key>
			<string>PBXFileReference</string>
			<key>lastKnownFileType</key>
			<string>sourcecode.c.objc</string>
			<key>path</key>
			<string>MYAppDelegateUtils.m</string>
			<key>sourceTree</key>
			<string>&lt;group&gt;</string>
		</dict>
		<key>F7DC04E51D9CFEAC00D70E51</key>
		<dict>
			<key>fileRef</key>
			<string>F7DC04E41D9CFEAC00D70E51</string>
			<key>isa</key>
			<string>PBXBuildFile</string>
		</dict>
		<key>F7DC04E91D9CFF6D00D70E51</key>
		<dict>
			<key>isa</key>
			<string>PBXFileReference</string>
			<key>lastKnownFileType</key>
			<string>sourcecode.c.h</string>
			<key>path</key>
			<string>MYGlobalConfig.h</string>
			<key>sourceTree</key>
			<string>&lt;group&gt;</string>
		</dict>
		<key>F7DC60521E0E51E900BA7304</key>
		<dict>
			<key>fileEncoding</key>
			<string>4</string>
			<key>isa</key>
			<string>PBXFileReference</string>
			<key>lastKnownFileType</key>
			<string>sourcecode.c.h</string>
			<key>path</key>
			<string>MYMineUserItemModel.h</string>
			<key>sourceTree</key>
			<string>&lt;group&gt;</string>
		</dict>
		<key>F7DC60531E0E51E900BA7304</key>
		<dict>
			<key>fileEncoding</key>
			<string>4</string>
			<key>isa</key>
			<string>PBXFileReference</string>
			<key>lastKnownFileType</key>
			<string>sourcecode.c.objc</string>
			<key>path</key>
			<string>MYMineUserItemModel.m</string>
			<key>sourceTree</key>
			<string>&lt;group&gt;</string>
		</dict>
		<key>F7DC60541E0E51E900BA7304</key>
		<dict>
			<key>fileRef</key>
			<string>F7DC60531E0E51E900BA7304</string>
			<key>isa</key>
			<string>PBXBuildFile</string>
		</dict>
		<key>F7DC60551E0E589500BA7304</key>
		<dict>
			<key>children</key>
			<array>
				<string>F7E4F5CE1E973FE800EA4D90</string>
				<string>F7DC60561E0E589F00BA7304</string>
			</array>
			<key>isa</key>
			<string>PBXGroup</string>
			<key>path</key>
			<string>Delegates</string>
			<key>sourceTree</key>
			<string>&lt;group&gt;</string>
		</dict>
		<key>F7DC60561E0E589F00BA7304</key>
		<dict>
			<key>children</key>
			<array>
				<string>F7DC60571E0E58B600BA7304</string>
				<string>F7DC60581E0E58B600BA7304</string>
				<string>F724017E1E0FD836006D816B</string>
				<string>F724017F1E0FD836006D816B</string>
			</array>
			<key>isa</key>
			<string>PBXGroup</string>
			<key>path</key>
			<string>Mine</string>
			<key>sourceTree</key>
			<string>&lt;group&gt;</string>
		</dict>
		<key>F7DC60571E0E58B600BA7304</key>
		<dict>
			<key>fileEncoding</key>
			<string>4</string>
			<key>isa</key>
			<string>PBXFileReference</string>
			<key>lastKnownFileType</key>
			<string>sourcecode.c.h</string>
			<key>path</key>
			<string>MYMineMainDelegate.h</string>
			<key>sourceTree</key>
			<string>&lt;group&gt;</string>
		</dict>
		<key>F7DC60581E0E58B600BA7304</key>
		<dict>
			<key>fileEncoding</key>
			<string>4</string>
			<key>isa</key>
			<string>PBXFileReference</string>
			<key>lastKnownFileType</key>
			<string>sourcecode.c.objc</string>
			<key>path</key>
			<string>MYMineMainDelegate.m</string>
			<key>sourceTree</key>
			<string>&lt;group&gt;</string>
		</dict>
		<key>F7DC60591E0E58B600BA7304</key>
		<dict>
			<key>fileRef</key>
			<string>F7DC60581E0E58B600BA7304</string>
			<key>isa</key>
			<string>PBXBuildFile</string>
		</dict>
		<key>F7E4F5C31E973D2400EA4D90</key>
		<dict>
			<key>fileEncoding</key>
			<string>4</string>
			<key>isa</key>
			<string>PBXFileReference</string>
			<key>lastKnownFileType</key>
			<string>sourcecode.c.h</string>
			<key>path</key>
			<string>MYSettingViewController.h</string>
			<key>sourceTree</key>
			<string>&lt;group&gt;</string>
		</dict>
		<key>F7E4F5C41E973D2400EA4D90</key>
		<dict>
			<key>fileEncoding</key>
			<string>4</string>
			<key>isa</key>
			<string>PBXFileReference</string>
			<key>lastKnownFileType</key>
			<string>sourcecode.c.objc</string>
			<key>path</key>
			<string>MYSettingViewController.m</string>
			<key>sourceTree</key>
			<string>&lt;group&gt;</string>
		</dict>
		<key>F7E4F5C51E973D2400EA4D90</key>
		<dict>
			<key>fileRef</key>
			<string>F7E4F5C41E973D2400EA4D90</string>
			<key>isa</key>
			<string>PBXBuildFile</string>
		</dict>
		<key>F7E4F5C61E973D8000EA4D90</key>
		<dict>
			<key>children</key>
			<array>
				<string>F7E4F5C71E973D9C00EA4D90</string>
				<string>F7E4F5C81E973D9C00EA4D90</string>
			</array>
			<key>isa</key>
			<string>PBXGroup</string>
			<key>path</key>
			<string>Main</string>
			<key>sourceTree</key>
			<string>&lt;group&gt;</string>
		</dict>
		<key>F7E4F5C71E973D9C00EA4D90</key>
		<dict>
			<key>fileEncoding</key>
			<string>4</string>
			<key>isa</key>
			<string>PBXFileReference</string>
			<key>lastKnownFileType</key>
			<string>sourcecode.c.h</string>
			<key>path</key>
			<string>MYSettingListModel.h</string>
			<key>sourceTree</key>
			<string>&lt;group&gt;</string>
		</dict>
		<key>F7E4F5C81E973D9C00EA4D90</key>
		<dict>
			<key>fileEncoding</key>
			<string>4</string>
			<key>isa</key>
			<string>PBXFileReference</string>
			<key>lastKnownFileType</key>
			<string>sourcecode.c.objc</string>
			<key>path</key>
			<string>MYSettingListModel.m</string>
			<key>sourceTree</key>
			<string>&lt;group&gt;</string>
		</dict>
		<key>F7E4F5C91E973D9C00EA4D90</key>
		<dict>
			<key>fileRef</key>
			<string>F7E4F5C81E973D9C00EA4D90</string>
			<key>isa</key>
			<string>PBXBuildFile</string>
		</dict>
		<key>F7E4F5CA1E973DCD00EA4D90</key>
		<dict>
			<key>children</key>
			<array>
				<string>F7E4F5CB1E973DDD00EA4D90</string>
				<string>F7E4F5CC1E973DDD00EA4D90</string>
			</array>
			<key>isa</key>
			<string>PBXGroup</string>
			<key>path</key>
			<string>Main</string>
			<key>sourceTree</key>
			<string>&lt;group&gt;</string>
		</dict>
		<key>F7E4F5CB1E973DDD00EA4D90</key>
		<dict>
			<key>fileEncoding</key>
			<string>4</string>
			<key>isa</key>
			<string>PBXFileReference</string>
			<key>lastKnownFileType</key>
			<string>sourcecode.c.h</string>
			<key>path</key>
			<string>MYSettingViewModel.h</string>
			<key>sourceTree</key>
			<string>&lt;group&gt;</string>
		</dict>
		<key>F7E4F5CC1E973DDD00EA4D90</key>
		<dict>
			<key>fileEncoding</key>
			<string>4</string>
			<key>isa</key>
			<string>PBXFileReference</string>
			<key>lastKnownFileType</key>
			<string>sourcecode.c.objc</string>
			<key>path</key>
			<string>MYSettingViewModel.m</string>
			<key>sourceTree</key>
			<string>&lt;group&gt;</string>
		</dict>
		<key>F7E4F5CD1E973DDD00EA4D90</key>
		<dict>
			<key>fileRef</key>
			<string>F7E4F5CC1E973DDD00EA4D90</string>
			<key>isa</key>
			<string>PBXBuildFile</string>
		</dict>
		<key>F7E4F5CE1E973FE800EA4D90</key>
		<dict>
			<key>children</key>
			<array>
				<string>F7E4F5CF1E97400400EA4D90</string>
				<string>F7E4F5D01E97400400EA4D90</string>
			</array>
			<key>isa</key>
			<string>PBXGroup</string>
			<key>path</key>
			<string>Main</string>
			<key>sourceTree</key>
			<string>&lt;group&gt;</string>
		</dict>
		<key>F7E4F5CF1E97400400EA4D90</key>
		<dict>
			<key>fileEncoding</key>
			<string>4</string>
			<key>isa</key>
			<string>PBXFileReference</string>
			<key>lastKnownFileType</key>
			<string>sourcecode.c.h</string>
			<key>path</key>
			<string>MYSettingDelegate.h</string>
			<key>sourceTree</key>
			<string>&lt;group&gt;</string>
		</dict>
		<key>F7E4F5D01E97400400EA4D90</key>
		<dict>
			<key>fileEncoding</key>
			<string>4</string>
			<key>isa</key>
			<string>PBXFileReference</string>
			<key>lastKnownFileType</key>
			<string>sourcecode.c.objc</string>
			<key>path</key>
			<string>MYSettingDelegate.m</string>
			<key>sourceTree</key>
			<string>&lt;group&gt;</string>
		</dict>
		<key>F7E4F5D11E97400400EA4D90</key>
		<dict>
			<key>fileRef</key>
			<string>F7E4F5D01E97400400EA4D90</string>
			<key>isa</key>
			<string>PBXBuildFile</string>
		</dict>
		<key>F7E4F5D21E97412800EA4D90</key>
		<dict>
			<key>children</key>
			<array>
				<string>F7E4F5D31E97412800EA4D90</string>
				<string>F7E4F5D51E97412800EA4D90</string>
				<string>F7E4F5D61E97412800EA4D90</string>
				<string>F7E4F5D71E97412800EA4D90</string>
				<string>F7E4F5D81E97412800EA4D90</string>
			</array>
			<key>isa</key>
			<string>PBXGroup</string>
			<key>path</key>
			<string>Selector</string>
			<key>sourceTree</key>
			<string>&lt;group&gt;</string>
		</dict>
		<key>F7E4F5D31E97412800EA4D90</key>
		<dict>
			<key>children</key>
			<array>
				<string>F7E4F5D41E97412800EA4D90</string>
			</array>
			<key>isa</key>
			<string>PBXGroup</string>
			<key>path</key>
			<string>Model</string>
			<key>sourceTree</key>
			<string>&lt;group&gt;</string>
		</dict>
		<key>F7E4F5D41E97412800EA4D90</key>
		<dict>
			<key>fileEncoding</key>
			<string>4</string>
			<key>isa</key>
			<string>PBXFileReference</string>
			<key>lastKnownFileType</key>
			<string>sourcecode.c.h</string>
			<key>path</key>
			<string>MYTopSelectorModel.h</string>
			<key>sourceTree</key>
			<string>&lt;group&gt;</string>
		</dict>
		<key>F7E4F5D51E97412800EA4D90</key>
		<dict>
			<key>fileEncoding</key>
			<string>4</string>
			<key>isa</key>
			<string>PBXFileReference</string>
			<key>lastKnownFileType</key>
			<string>sourcecode.c.h</string>
			<key>path</key>
			<string>MYTopSelectorLabel.h</string>
			<key>sourceTree</key>
			<string>&lt;group&gt;</string>
		</dict>
		<key>F7E4F5D61E97412800EA4D90</key>
		<dict>
			<key>fileEncoding</key>
			<string>4</string>
			<key>isa</key>
			<string>PBXFileReference</string>
			<key>lastKnownFileType</key>
			<string>sourcecode.c.objc</string>
			<key>path</key>
			<string>MYTopSelectorLabel.m</string>
			<key>sourceTree</key>
			<string>&lt;group&gt;</string>
		</dict>
		<key>F7E4F5D71E97412800EA4D90</key>
		<dict>
			<key>fileEncoding</key>
			<string>4</string>
			<key>isa</key>
			<string>PBXFileReference</string>
			<key>lastKnownFileType</key>
			<string>sourcecode.c.h</string>
			<key>path</key>
			<string>MYTopSelectorView.h</string>
			<key>sourceTree</key>
			<string>&lt;group&gt;</string>
		</dict>
		<key>F7E4F5D81E97412800EA4D90</key>
		<dict>
			<key>fileEncoding</key>
			<string>4</string>
			<key>isa</key>
			<string>PBXFileReference</string>
			<key>lastKnownFileType</key>
			<string>sourcecode.c.objc</string>
			<key>path</key>
			<string>MYTopSelectorView.m</string>
			<key>sourceTree</key>
			<string>&lt;group&gt;</string>
		</dict>
		<key>F7E4F5D91E97412800EA4D90</key>
		<dict>
			<key>fileRef</key>
			<string>F7E4F5D61E97412800EA4D90</string>
			<key>isa</key>
			<string>PBXBuildFile</string>
		</dict>
		<key>F7E4F5DA1E97412800EA4D90</key>
		<dict>
			<key>fileRef</key>
			<string>F7E4F5D81E97412800EA4D90</string>
			<key>isa</key>
			<string>PBXBuildFile</string>
		</dict>
		<key>F7E4F5DB1E97413500EA4D90</key>
		<dict>
			<key>children</key>
			<array>
				<string>F7E4F5DC1E97414500EA4D90</string>
				<string>F7E4F5DD1E97414500EA4D90</string>
			</array>
			<key>isa</key>
			<string>PBXGroup</string>
			<key>path</key>
			<string>Setting</string>
			<key>sourceTree</key>
			<string>&lt;group&gt;</string>
		</dict>
		<key>F7E4F5DC1E97414500EA4D90</key>
		<dict>
			<key>fileEncoding</key>
			<string>4</string>
			<key>isa</key>
			<string>PBXFileReference</string>
			<key>lastKnownFileType</key>
			<string>sourcecode.c.h</string>
			<key>path</key>
			<string>MYSettingItemView.h</string>
			<key>sourceTree</key>
			<string>&lt;group&gt;</string>
		</dict>
		<key>F7E4F5DD1E97414500EA4D90</key>
		<dict>
			<key>fileEncoding</key>
			<string>4</string>
			<key>isa</key>
			<string>PBXFileReference</string>
			<key>lastKnownFileType</key>
			<string>sourcecode.c.objc</string>
			<key>path</key>
			<string>MYSettingItemView.m</string>
			<key>sourceTree</key>
			<string>&lt;group&gt;</string>
		</dict>
		<key>F7E4F5DE1E97414500EA4D90</key>
		<dict>
			<key>fileRef</key>
			<string>F7E4F5DD1E97414500EA4D90</string>
			<key>isa</key>
			<string>PBXBuildFile</string>
		</dict>
		<key>F7E7131F1D9BC2DC00F8F300</key>
		<dict>
			<key>children</key>
			<array>
				<string>F7E713201D9BC2EC00F8F300</string>
				<string>F7E713211D9BC2EC00F8F300</string>
				<string>F76364C71DF4049800DBA050</string>
				<string>F76364C81DF4049800DBA050</string>
			</array>
			<key>isa</key>
			<string>PBXGroup</string>
			<key>path</key>
			<string>Login</string>
			<key>sourceTree</key>
			<string>&lt;group&gt;</string>
		</dict>
		<key>F7E713201D9BC2EC00F8F300</key>
		<dict>
			<key>fileEncoding</key>
			<string>4</string>
			<key>isa</key>
			<string>PBXFileReference</string>
			<key>lastKnownFileType</key>
			<string>sourcecode.c.h</string>
			<key>path</key>
			<string>MYLoginViewController.h</string>
			<key>sourceTree</key>
			<string>&lt;group&gt;</string>
		</dict>
		<key>F7E713211D9BC2EC00F8F300</key>
		<dict>
			<key>fileEncoding</key>
			<string>4</string>
			<key>isa</key>
			<string>PBXFileReference</string>
			<key>lastKnownFileType</key>
			<string>sourcecode.c.objc</string>
			<key>path</key>
			<string>MYLoginViewController.m</string>
			<key>sourceTree</key>
			<string>&lt;group&gt;</string>
		</dict>
		<key>F7E713221D9BC2EC00F8F300</key>
		<dict>
			<key>fileRef</key>
			<string>F7E713211D9BC2EC00F8F300</string>
			<key>isa</key>
			<string>PBXBuildFile</string>
		</dict>
		<key>F7E713231D9BC33C00F8F300</key>
		<dict>
			<key>children</key>
			<array>
				<string>F724018F1E0FEDAA006D816B</string>
			</array>
			<key>isa</key>
			<string>PBXGroup</string>
			<key>path</key>
			<string>Models</string>
			<key>sourceTree</key>
			<string>&lt;group&gt;</string>
		</dict>
		<key>F7E7132E1D9BC33C00F8F300</key>
		<dict>
			<key>children</key>
			<array>
				<string>F72401811E0FDB65006D816B</string>
				<string>F72401831E0FDB65006D816B</string>
			</array>
			<key>isa</key>
			<string>PBXGroup</string>
			<key>path</key>
			<string>VIewModels</string>
			<key>sourceTree</key>
			<string>&lt;group&gt;</string>
		</dict>
		<key>F7E7132F1D9BC33C00F8F300</key>
		<dict>
			<key>children</key>
			<array>
				<string>F72401881E0FE248006D816B</string>
				<string>F74308A21E0AA90600F33C79</string>
				<string>F79DAE9D1DED66CC005FD65F</string>
				<string>F7E713331D9BC35000F8F300</string>
			</array>
			<key>isa</key>
			<string>PBXGroup</string>
			<key>path</key>
			<string>Views</string>
			<key>sourceTree</key>
			<string>&lt;group&gt;</string>
		</dict>
		<key>F7E713331D9BC35000F8F300</key>
		<dict>
			<key>children</key>
			<array>
				<string>F7E713341D9BC36200F8F300</string>
				<string>F7E713351D9BC36200F8F300</string>
				<string>F7E713371D9BC6B300F8F300</string>
				<string>F7E713381D9BC6B300F8F300</string>
			</array>
			<key>isa</key>
			<string>PBXGroup</string>
			<key>path</key>
			<string>Login</string>
			<key>sourceTree</key>
			<string>&lt;group&gt;</string>
		</dict>
		<key>F7E713341D9BC36200F8F300</key>
		<dict>
			<key>fileEncoding</key>
			<string>4</string>
			<key>isa</key>
			<string>PBXFileReference</string>
			<key>lastKnownFileType</key>
			<string>sourcecode.c.h</string>
			<key>path</key>
			<string>MYLoginIconView.h</string>
			<key>sourceTree</key>
			<string>&lt;group&gt;</string>
		</dict>
		<key>F7E713351D9BC36200F8F300</key>
		<dict>
			<key>fileEncoding</key>
			<string>4</string>
			<key>isa</key>
			<string>PBXFileReference</string>
			<key>lastKnownFileType</key>
			<string>sourcecode.c.objc</string>
			<key>path</key>
			<string>MYLoginIconView.m</string>
			<key>sourceTree</key>
			<string>&lt;group&gt;</string>
		</dict>
		<key>F7E713361D9BC36200F8F300</key>
		<dict>
			<key>fileRef</key>
			<string>F7E713351D9BC36200F8F300</string>
			<key>isa</key>
			<string>PBXBuildFile</string>
		</dict>
		<key>F7E713371D9BC6B300F8F300</key>
		<dict>
			<key>fileEncoding</key>
			<string>4</string>
			<key>isa</key>
			<string>PBXFileReference</string>
			<key>lastKnownFileType</key>
			<string>sourcecode.c.h</string>
			<key>path</key>
			<string>MYLoginItem.h</string>
			<key>sourceTree</key>
			<string>&lt;group&gt;</string>
		</dict>
		<key>F7E713381D9BC6B300F8F300</key>
		<dict>
			<key>fileEncoding</key>
			<string>4</string>
			<key>isa</key>
			<string>PBXFileReference</string>
			<key>lastKnownFileType</key>
			<string>sourcecode.c.objc</string>
			<key>path</key>
			<string>MYLoginItem.m</string>
			<key>sourceTree</key>
			<string>&lt;group&gt;</string>
		</dict>
		<key>F7E713391D9BC6B300F8F300</key>
		<dict>
			<key>fileRef</key>
			<string>F7E713381D9BC6B300F8F300</string>
			<key>isa</key>
			<string>PBXBuildFile</string>
		</dict>
		<key>F7F35D981D9BD379006767C5</key>
		<dict>
			<key>children</key>
			<array>
				<string>F744603E1E83EC930047D17B</string>
				<string>F7F35D9D1D9BD4A4006767C5</string>
				<string>F7F35D9E1D9BD4A4006767C5</string>
				<string>F7DC04E91D9CFF6D00D70E51</string>
				<string>F7F35D991D9BD379006767C5</string>
				<string>F7F35D9A1D9BD379006767C5</string>
				<string>F7DC04E31D9CFEAC00D70E51</string>
				<string>F7DC04E41D9CFEAC00D70E51</string>
				<string>F71A94A81E77CFB0007A7183</string>
				<string>F71A94A91E77CFB0007A7183</string>
				<string>F784E5E31E77ECB90000F0E1</string>
				<string>F784E5E41E77ECB90000F0E1</string>
			</array>
			<key>isa</key>
			<string>PBXGroup</string>
			<key>path</key>
			<string>Utils</string>
			<key>sourceTree</key>
			<string>&lt;group&gt;</string>
		</dict>
		<key>F7F35D991D9BD379006767C5</key>
		<dict>
			<key>fileEncoding</key>
			<string>4</string>
			<key>isa</key>
			<string>PBXFileReference</string>
			<key>lastKnownFileType</key>
			<string>text.json</string>
			<key>path</key>
			<string>router.json</string>
			<key>sourceTree</key>
			<string>&lt;group&gt;</string>
		</dict>
		<key>F7F35D9A1D9BD379006767C5</key>
		<dict>
			<key>fileEncoding</key>
			<string>4</string>
			<key>isa</key>
			<string>PBXFileReference</string>
			<key>lastKnownFileType</key>
			<string>text.json</string>
			<key>path</key>
			<string>scheme_url.json</string>
			<key>sourceTree</key>
			<string>&lt;group&gt;</string>
		</dict>
		<key>F7F35D9B1D9BD379006767C5</key>
		<dict>
			<key>fileRef</key>
			<string>F7F35D991D9BD379006767C5</string>
			<key>isa</key>
			<string>PBXBuildFile</string>
		</dict>
		<key>F7F35D9C1D9BD379006767C5</key>
		<dict>
			<key>fileRef</key>
			<string>F7F35D9A1D9BD379006767C5</string>
			<key>isa</key>
			<string>PBXBuildFile</string>
		</dict>
		<key>F7F35D9D1D9BD4A4006767C5</key>
		<dict>
			<key>fileEncoding</key>
			<string>4</string>
			<key>isa</key>
			<string>PBXFileReference</string>
			<key>lastKnownFileType</key>
			<string>sourcecode.c.h</string>
			<key>path</key>
			<string>MYMainRouteManager.h</string>
			<key>sourceTree</key>
			<string>&lt;group&gt;</string>
		</dict>
		<key>F7F35D9E1D9BD4A4006767C5</key>
		<dict>
			<key>fileEncoding</key>
			<string>4</string>
			<key>isa</key>
			<string>PBXFileReference</string>
			<key>lastKnownFileType</key>
			<string>sourcecode.c.objc</string>
			<key>path</key>
			<string>MYMainRouteManager.m</string>
			<key>sourceTree</key>
			<string>&lt;group&gt;</string>
		</dict>
		<key>F7F35D9F1D9BD4A4006767C5</key>
		<dict>
			<key>fileRef</key>
			<string>F7F35D9E1D9BD4A4006767C5</string>
			<key>isa</key>
			<string>PBXBuildFile</string>
		</dict>
		<key>F7F35DA81D9BF8BA006767C5</key>
		<dict>
			<key>isa</key>
			<string>PBXFileReference</string>
			<key>lastKnownFileType</key>
			<string>wrapper.framework</string>
			<key>name</key>
			<string>CoreText.framework</string>
			<key>path</key>
			<string>System/Library/Frameworks/CoreText.framework</string>
			<key>sourceTree</key>
			<string>SDKROOT</string>
		</dict>
		<key>F7F35DA91D9BF8BA006767C5</key>
		<dict>
			<key>fileRef</key>
			<string>F7F35DA81D9BF8BA006767C5</string>
			<key>isa</key>
			<string>PBXBuildFile</string>
		</dict>
		<key>FB62CF000176301083EEBA1C</key>
		<dict>
			<key>buildActionMask</key>
			<string>2147483647</string>
			<key>files</key>
			<array/>
			<key>inputPaths</key>
			<array/>
			<key>isa</key>
			<string>PBXShellScriptBuildPhase</string>
			<key>name</key>
			<string>&#128230; Copy Pods Resources</string>
			<key>outputPaths</key>
			<array/>
			<key>runOnlyForDeploymentPostprocessing</key>
			<string>0</string>
			<key>shellPath</key>
			<string>/bin/sh</string>
			<key>shellScript</key>
			<string>"${SRCROOT}/Pods/Target Support Files/Pods-musixise/Pods-musixise-resources.sh"
</string>
			<key>showEnvVarsInLog</key>
			<string>0</string>
		</dict>
	</dict>
	<key>rootObject</key>
	<string>F79D9A131D9562E9007AA167</string>
</dict>
</plist>
